<?xml version="1.0" encoding="UTF-8" standalone="yes" ?>
<CodeBlocks_project_file>
	<FileVersion major="1" minor="6" />
	<Project>
		<Option title="sfml+box2d" />
		<Option pch_mode="2" />
		<Option compiler="gcc" />
		<Build>
			<Script file="lib_finder.script" />
			<Target title="Debug">
				<Option output="bin/Debug/sfml+box2d" prefix_auto="1" extension_auto="1" />
				<Option object_output="obj/Debug/" />
				<Option type="1" />
				<Option compiler="gcc" />
				<Compiler>
					<Add option="-g" />
					<Add directory="include" />
					<Add directory="box2d-main/include/box2d" />
				</Compiler>
				<Linker>
					<Add library="sfml-graphics" />
					<Add library="sfml-window" />
					<Add library="sfml-system" />
					<Add library="box2d-main/build/bin/libsajson.a" />
					<Add library="box2d-main/build/bin/libimgui.a" />
					<Add library="box2d-main/build/bin/libglfw.a" />
					<Add library="box2d-main/build/bin/libglad.a" />
					<Add library="box2d-main/build/bin/libbox2d.a" />
				</Linker>
			</Target>
			<Target title="Release">
				<Option output="bin/Release/sfml+box2d" prefix_auto="1" extension_auto="1" />
				<Option object_output="obj/Release/" />
				<Option type="1" />
				<Option compiler="gcc" />
				<Compiler>
					<Add option="-O2" />
					<Add directory="include" />
				</Compiler>
				<Linker>
					<Add option="-s" />
				</Linker>
			</Target>
		</Build>
		<Compiler>
			<Add option="-Wall" />
			<Add option="-fexceptions" />
		</Compiler>
		<Unit filename="clockwiseNormalTest.cpp">
			<Option compile="0" />
			<Option link="0" />
		</Unit>
		<Unit filename="include/ConstantSettings.h" />
		<Unit filename="include/EdgyFan.h" />
		<Unit filename="include/EdgyStripe.h" />
		<Unit filename="include/SFB2Body.h" />
		<Unit filename="include/SFShapeBase.h" />
		<Unit filename="include/SfFixtureGraphical.h" />
		<Unit filename="include/Transl8.h" />
		<Unit filename="include/clockwiseNormal.h" />
		<Unit filename="main.cpp" />
		<Unit filename="src/EdgyFan.cpp" />
		<Unit filename="src/EdgyStripe.cpp" />
		<Unit filename="src/SFB2Body.cpp" />
		<Unit filename="src/SFShapeBase.cpp" />
		<Unit filename="src/SfFixtureGraphical.cpp" />
		<Unit filename="src/clockwiseNormal.cpp" />
		<Unit filename="src/transl8.cpp" />
		<Extensions />
	</Project>
</CodeBlocks_project_file>
